
Microsoft Visual Studio Solution File, Format Version 12.00
# Visual Studio Version 17
VisualStudioVersion = 17.5.33424.131
MinimumVisualStudioVersion = 10.0.40219.1
Project("{FAE04EC0-301F-11D3-BF4B-00C04F79EFBC}") = "Logic", "Logic\Logic.csproj", "{AB835729-CEF5-44E2-A624-7F695F9DCF1F}"
EndProject
Project("{FAE04EC0-301F-11D3-BF4B-00C04F79EFBC}") = "View", "View\View.csproj", "{39A8A3E8-8B53-4434-B906-400829B98155}"
EndProject
Project("{FAE04EC0-301F-11D3-BF4B-00C04F79EFBC}") = "LogicTests", "LogicTests\LogicTests.csproj", "{70623EDE-72CF-4D04-AA36-F4EFA766FC4E}"
EndProject
Global
	GlobalSection(SolutionConfigurationPlatforms) = preSolution
		Debug|Any CPU = Debug|Any CPU
		Release|Any CPU = Release|Any CPU
	EndGlobalSection
	GlobalSection(ProjectConfigurationPlatforms) = postSolution
		{AB835729-CEF5-44E2-A624-7F695F9DCF1F}.Debug|Any CPU.ActiveCfg = Debug|Any CPU
		{AB835729-CEF5-44E2-A624-7F695F9DCF1F}.Debug|Any CPU.Build.0 = Debug|Any CPU
		{AB835729-CEF5-44E2-A624-7F695F9DCF1F}.Release|Any CPU.ActiveCfg = Release|Any CPU
		{AB835729-CEF5-44E2-A624-7F695F9DCF1F}.Release|Any CPU.Build.0 = Release|Any CPU
		{39A8A3E8-8B53-4434-B906-400829B98155}.Debug|Any CPU.ActiveCfg = Debug|Any CPU
		{39A8A3E8-8B53-4434-B906-400829B98155}.Debug|Any CPU.Build.0 = Debug|Any CPU
		{39A8A3E8-8B53-4434-B906-400829B98155}.Release|Any CPU.ActiveCfg = Release|Any CPU
		{39A8A3E8-8B53-4434-B906-400829B98155}.Release|Any CPU.Build.0 = Release|Any CPU
		{70623EDE-72CF-4D04-AA36-F4EFA766FC4E}.Debug|Any CPU.ActiveCfg = Debug|Any CPU
		{70623EDE-72CF-4D04-AA36-F4EFA766FC4E}.Debug|Any CPU.Build.0 = Debug|Any CPU
		{70623EDE-72CF-4D04-AA36-F4EFA766FC4E}.Release|Any CPU.ActiveCfg = Release|Any CPU
		{70623EDE-72CF-4D04-AA36-F4EFA766FC4E}.Release|Any CPU.Build.0 = Release|Any CPU
	EndGlobalSection
	GlobalSection(SolutionProperties) = preSolution
		HideSolutionNode = FALSE
	EndGlobalSection
	GlobalSection(ExtensibilityGlobals) = postSolution
		SolutionGuid = {5430D50E-9FA2-4F1C-925F-BBF9BA804D42}
	EndGlobalSection
EndGlobal
